// !$*UTF8*$!
{
	archiveVersion = 1;
	classes = {
	};
	objectVersion = 46;
	objects = {

/* Begin PBXBuildFile section */
		A21805E81E67FB8A000BD8D9 /* class2.h in Headers */ = {isa = PBXBuildFile; fileRef = A21805E71E67FB8A000BD8D9 /* class2.h */; };
		A21805EC1E67FB8A000BD8D9 /* class2.cpp in Sources */ = {isa = PBXBuildFile; fileRef = A21805EB1E67FB8A000BD8D9 /* class2.cpp */; };
/* End PBXBuildFile section */

/* Begin PBXFileReference section */
		A21805E41E67FB8A000BD8D9 /* libclass2.dylib */ = {isa = PBXFileReference; explicitFileType = "compiled.mach-o.dylib"; includeInIndex = 0; path = libclass2.dylib; sourceTree = BUILT_PRODUCTS_DIR; };
		A21805E71E67FB8A000BD8D9 /* class2.h */ = {isa = PBXFileReference; lastKnownFileType = sourcecode.c.h; path = class2.h; sourceTree = "<group>"; };
		A21805EB1E67FB8A000BD8D9 /* class2.cpp */ = {isa = PBXFileReference; lastKnownFileType = sourcecode.cpp.cpp; path = class2.cpp; sourceTree = "<group>"; };
/* End PBXFileReference section */

/* Begin PBXFrameworksBuildPhase section */
		A21805E11E67FB8A000BD8D9 /* Frameworks */ = {
			isa = PBXFrameworksBuildPhase;
			buildActionMask = 2147483647;
			files = (
			);
			runOnlyForDeploymentPostprocessing = 0;
		};
/* End PBXFrameworksBuildPhase section */

/* Begin PBXGroup section */
		A21805DB1E67FB8A000BD8D9 = {
			isa = PBXGroup;
			children = (
				A21805E61E67FB8A000BD8D9 /* class2 */,
				A21805E51E67FB8A000BD8D9 /* Products */,
			);
			sourceTree = "<group>";
		};
		A21805E51E67FB8A000BD8D9 /* Products */ = {
			isa = PBXGroup;
			children = (
				A21805E41E67FB8A000BD8D9 /* libclass2.dylib */,
			);
			name = Products;
			sourceTree = "<group>";
		};
		A21805E61E67FB8A000BD8D9 /* class2 */ = {
			isa = PBXGroup;
			children = (
				A21805E71E67FB8A000BD8D9 /* class2.h */,
				A21805EB1E67FB8A000BD8D9 /* class2.cpp */,
			);
			path = class2;
			sourceTree = "<group>";
		};
/* End PBXGroup section */

/* Begin PBXHeadersBuildPhase section */
		A21805E21E67FB8A000BD8D9 /* Headers */ = {
			isa = PBXHeadersBuildPhase;
			buildActionMask = 2147483647;
			files = (
				A21805E81E67FB8A000BD8D9 /* class2.h in Headers */,
			);
			runOnlyForDeploymentPostprocessing = 0;
		};
/* End PBXHeadersBuildPhase section */

/* Begin PBXNativeTarget section */
		A21805E31E67FB8A000BD8D9 /* class2 */ = {
			isa = PBXNativeTarget;
			buildConfigurationList = A21805EF1E67FB8A000BD8D9 /* Build configuration list for PBXNativeTarget "class2" */;
			buildPhases = (
				A21805E01E67FB8A000BD8D9 /* Sources */,
				A21805E11E67FB8A000BD8D9 /* Frameworks */,
				A21805E21E67FB8A000BD8D9 /* Headers */,
			);
			buildRules = (
			);
			dependencies = (
			);
			name = class2;
			productName = class2;
			productReference = A21805E41E67FB8A000BD8D9 /* libclass2.dylib */;
			productType = "com.apple.product-type.library.dynamic";
		};
/* End PBXNativeTarget section */

/* Begin PBXProject section */
		A21805DC1E67FB8A000BD8D9 /* Project object */ = {
			isa = PBXProject;
			attributes = {
				LastUpgradeCheck = 0620;
				ORGANIZATIONNAME = kumada;
				TargetAttributes = {
					A21805E31E67FB8A000BD8D9 = {
						CreatedOnToolsVersion = 6.2;
					};
				};
			};
			buildConfigurationList = A21805DF1E67FB8A000BD8D9 /* Build configuration list for PBXProject "class2" */;
			compatibilityVersion = "Xcode 3.2";
			developmentRegion = English;
			hasScannedForEncodings = 0;
			knownRegions = (
				en,
			);
			mainGroup = A21805DB1E67FB8A000BD8D9;
			productRefGroup = A21805E51E67FB8A000BD8D9 /* Products */;
			projectDirPath = "";
			projectRoot = "";
			targets = (
				A21805E31E67FB8A000BD8D9 /* class2 */,
			);
		};
/* End PBXProject section */

/* Begin PBXSourcesBuildPhase section */
		A21805E01E67FB8A000BD8D9 /* Sources */ = {
			isa = PBXSourcesBuildPhase;
			buildActionMask = 2147483647;
			files = (
				A21805EC1E67FB8A000BD8D9 /* class2.cpp in Sources */,
			);
			runOnlyForDeploymentPostprocessing = 0;
		};
/* End PBXSourcesBuildPhase section */

/* Begin XCBuildConfiguration section */
		A21805ED1E67FB8A000BD8D9 /* Debug */ = {
			isa = XCBuildConfiguration;
			buildSettings = {
				ALWAYS_SEARCH_USER_PATHS = NO;
				CLANG_CXX_LANGUAGE_STANDARD = "gnu++0x";
				CLANG_CXX_LIBRARY = "libc++";
				CLANG_ENABLE_MODULES = YES;
				CLANG_ENABLE_OBJC_ARC = YES;
				CLANG_WARN_BOOL_CONVERSION = YES;
				CLANG_WARN_CONSTANT_CONVERSION = YES;
				CLANG_WARN_DIRECT_OBJC_ISA_USAGE = YES_ERROR;
				CLANG_WARN_EMPTY_BODY = YES;
				CLANG_WARN_ENUM_CONVERSION = YES;
				CLANG_WARN_INT_CONVERSION = YES;
				CLANG_WARN_OBJC_ROOT_CLASS = YES_ERROR;
				CLANG_WARN_UNREACHABLE_CODE = YES;
				CLANG_WARN__DUPLICATE_METHOD_MATCH = YES;
				COPY_PHASE_STRIP = NO;
				ENABLE_STRICT_OBJC_MSGSEND = YES;
				GCC_C_LANGUAGE_STANDARD = gnu99;
				GCC_DYNAMIC_NO_PIC = NO;
				GCC_OPTIMIZATION_LEVEL = 0;
				GCC_PREPROCESSOR_DEFINITIONS = (
					"DEBUG=1",
					"$(inherited)",
				);
				GCC_SYMBOLS_PRIVATE_EXTERN = NO;
				GCC_WARN_64_TO_32_BIT_CONVERSION = YES;
				GCC_WARN_ABOUT_RETURN_TYPE = YES_ERROR;
				GCC_WARN_UNDECLARED_SELECTOR = YES;
				GCC_WARN_UNINITIALIZED_AUTOS = YES_AGGRESSIVE;
				GCC_WARN_UNUSED_FUNCTION = YES;
				GCC_WARN_UNUSED_VARIABLE = YES;
				MACOSX_DEPLOYMENT_TARGET = 10.9;
				MTL_ENABLE_DEBUG_INFO = YES;
				ONLY_ACTIVE_ARCH = YES;
				SDKROOT = macosx;
			};
			name = Debug;
		};
		A21805EE1E67FB8A000BD8D9 /* Release */ = {
			isa = XCBuildConfiguration;
			buildSettings = {
				ALWAYS_SEARCH_USER_PATHS = NO;
				CLANG_CXX_LANGUAGE_STANDARD = "gnu++0x";
				CLANG_CXX_LIBRARY = "libc++";
				CLANG_ENABLE_MODULES = YES;
				CLANG_ENABLE_OBJC_ARC = YES;
				CLANG_WARN_BOOL_CONVERSION = YES;
				CLANG_WARN_CONSTANT_CONVERSION = YES;
				CLANG_WARN_DIRECT_OBJC_ISA_USAGE = YES_ERROR;
				CLANG_WARN_EMPTY_BODY = YES;
				CLANG_WARN_ENUM_CONVERSION = YES;
				CLANG_WARN_INT_CONVERSION = YES;
				CLANG_WARN_OBJC_ROOT_CLASS = YES_ERROR;
				CLANG_WARN_UNREACHABLE_CODE = YES;
				CLANG_WARN__DUPLICATE_METHOD_MATCH = YES;
				COPY_PHASE_STRIP = NO;
				DEBUG_INFORMATION_FORMAT = "dwarf-with-dsym";
				ENABLE_NS_ASSERTIONS = NO;
				ENABLE_STRICT_OBJC_MSGSEND = YES;
				GCC_C_LANGUAGE_STANDARD = gnu99;
				GCC_WARN_64_TO_32_BIT_CONVERSION = YES;
				GCC_WARN_ABOUT_RETURN_TYPE = YES_ERROR;
				GCC_WARN_UNDECLARED_SELECTOR = YES;
				GCC_WARN_UNINITIALIZED_AUTOS = YES_AGGRESSIVE;
				GCC_WARN_UNUSED_FUNCTION = YES;
				GCC_WARN_UNUSED_VARIABLE = YES;
				MACOSX_DEPLOYMENT_TARGET = 10.9;
				MTL_ENABLE_DEBUG_INFO = NO;
				SDKROOT = macosx;
			};
			name = Release;
		};
		A21805F01E67FB8A000BD8D9 /* Debug */ = {
			isa = XCBuildConfiguration;
			buildSettings = {
				CLANG_CXX_LANGUAGE_STANDARD = "c++14";
				DYLIB_COMPATIBILITY_VERSION = 1;
				DYLIB_CURRENT_VERSION = 1;
				EXECUTABLE_PREFIX = lib;
				GCC_ENABLE_CPP_EXCEPTIONS = YES;
				GCC_ENABLE_CPP_RTTI = YES;
				GCC_SYMBOLS_PRIVATE_EXTERN = YES;
				HEADER_SEARCH_PATHS = (
					"$(inherited)",
					/Applications/Xcode.app/Contents/Developer/Toolchains/XcodeDefault.xctoolchain/usr/include,
					/opt/local/include/,
					/opt/local/Library/Frameworks/Python.framework/Versions/2.7/Headers,
				);
				LIBRARY_SEARCH_PATHS = (
					/opt/local/lib,
					/opt/local/Library/Frameworks/Python.framework/Versions/2.7/lib,
				);
				OTHER_LDFLAGS = (
					"-lboost_python-mt",
					"-lpython2.7",
				);
				PRODUCT_NAME = "$(TARGET_NAME)";
			};
			name = Debug;
		};
		A21805F11E67FB8A000BD8D9 /* Release */ = {
			isa = XCBuildConfiguration;
			buildSettings = {
				CLANG_CXX_LANGUAGE_STANDARD = "c++14";
				DYLIB_COMPATIBILITY_VERSION = 1;
				DYLIB_CURRENT_VERSION = 1;
				EXECUTABLE_PREFIX = lib;
				GCC_ENABLE_CPP_EXCEPTIONS = YES;
				GCC_ENABLE_CPP_RTTI = YES;
				GCC_SYMBOLS_PRIVATE_EXTERN = YES;
				HEADER_SEARCH_PATHS = (
					"$(inherited)",
					/Applications/Xcode.app/Contents/Developer/Toolchains/XcodeDefault.xctoolchain/usr/include,
					/opt/local/include/,
					/opt/local/Library/Frameworks/Python.framework/Versions/2.7/Headers,
				);
				LIBRARY_SEARCH_PATHS = (
					/opt/local/lib,
					/opt/local/Library/Frameworks/Python.framework/Versions/2.7/lib,
				);
				OTHER_LDFLAGS = (
					"-lboost_python-mt",
					"-lpython2.7",
				);
				PRODUCT_NAME = "$(TARGET_NAME)";
			};
			name = Release;
		};
/* End XCBuildConfiguration section */

/* Begin XCConfigurationList section */
		A21805DF1E67FB8A000BD8D9 /* Build configuration list for PBXProject "class2" */ = {
			isa = XCConfigurationList;
			buildConfigurations = (
				A21805ED1E67FB8A000BD8D9 /* Debug */,
				A21805EE1E67FB8A000BD8D9 /* Release */,
			);
			defaultConfigurationIsVisible = 0;
			defaultConfigurationName = Release;
		};
		A21805EF1E67FB8A000BD8D9 /* Build configuration list for PBXNativeTarget "class2" */ = {
			isa = XCConfigurationList;
			buildConfigurations = (
				A21805F01E67FB8A000BD8D9 /* Debug */,
				A21805F11E67FB8A000BD8D9 /* Release */,
			);
			defaultConfigurationIsVisible = 0;
		};
/* End XCConfigurationList section */
	};
	rootObject = A21805DC1E67FB8A000BD8D9 /* Project object */;
}
