// !$*UTF8*$!
{
	archiveVersion = 1;
	classes = {
	};
	objectVersion = 46;
	objects = {

/* Begin PBXBuildFile section */
		881F6A601E5B2400001E13F7 /* main.cpp in Sources */ = {isa = PBXBuildFile; fileRef = 881F6A5F1E5B2400001E13F7 /* main.cpp */; };
		A263F06A1E5DBCCB001FC8A9 /* nauty.a in Frameworks */ = {isa = PBXBuildFile; fileRef = A263F0691E5DBCCB001FC8A9 /* nauty.a */; };
		A2AD61311E5E899C00B1C2BC /* examples.cpp in Sources */ = {isa = PBXBuildFile; fileRef = A2AD61301E5E899C00B1C2BC /* examples.cpp */; };
/* End PBXBuildFile section */

/* Begin PBXCopyFilesBuildPhase section */
		881F6A5A1E5B2400001E13F7 /* CopyFiles */ = {
			isa = PBXCopyFilesBuildPhase;
			buildActionMask = 2147483647;
			dstPath = /usr/share/man/man1/;
			dstSubfolderSpec = 0;
			files = (
			);
			runOnlyForDeploymentPostprocessing = 1;
		};
/* End PBXCopyFilesBuildPhase section */

/* Begin PBXFileReference section */
		881F6A5C1E5B2400001E13F7 /* static_allocation */ = {isa = PBXFileReference; explicitFileType = "compiled.mach-o.executable"; includeInIndex = 0; path = static_allocation; sourceTree = BUILT_PRODUCTS_DIR; };
		881F6A5F1E5B2400001E13F7 /* main.cpp */ = {isa = PBXFileReference; lastKnownFileType = sourcecode.cpp.cpp; path = main.cpp; sourceTree = "<group>"; };
		A23FEB111E5FC45400896A29 /* NautyDynamicAlloc.h */ = {isa = PBXFileReference; fileEncoding = 4; lastKnownFileType = sourcecode.c.h; path = NautyDynamicAlloc.h; sourceTree = "<group>"; };
		A23FEB131E5FD2AC00896A29 /* NautyDynamicGraphAlloc.h */ = {isa = PBXFileReference; lastKnownFileType = sourcecode.c.h; path = NautyDynamicGraphAlloc.h; sourceTree = "<group>"; };
		A263F0691E5DBCCB001FC8A9 /* nauty.a */ = {isa = PBXFileReference; lastKnownFileType = archive.ar; name = nauty.a; path = ../../../../../../usr/local/nauty26r7/lib/nauty.a; sourceTree = "<group>"; };
		A2AD612F1E5E896500B1C2BC /* examples.h */ = {isa = PBXFileReference; fileEncoding = 4; lastKnownFileType = sourcecode.c.h; path = examples.h; sourceTree = "<group>"; };
		A2AD61301E5E899C00B1C2BC /* examples.cpp */ = {isa = PBXFileReference; fileEncoding = 4; lastKnownFileType = sourcecode.cpp.cpp; path = examples.cpp; sourceTree = "<group>"; };
/* End PBXFileReference section */

/* Begin PBXFrameworksBuildPhase section */
		881F6A591E5B2400001E13F7 /* Frameworks */ = {
			isa = PBXFrameworksBuildPhase;
			buildActionMask = 2147483647;
			files = (
				A263F06A1E5DBCCB001FC8A9 /* nauty.a in Frameworks */,
			);
			runOnlyForDeploymentPostprocessing = 0;
		};
/* End PBXFrameworksBuildPhase section */

/* Begin PBXGroup section */
		881F6A531E5B2400001E13F7 = {
			isa = PBXGroup;
			children = (
				881F6A5E1E5B2400001E13F7 /* static_allocation */,
				881F6A5D1E5B2400001E13F7 /* Products */,
				881F6A661E5B2F31001E13F7 /* Frameworks */,
			);
			sourceTree = "<group>";
		};
		881F6A5D1E5B2400001E13F7 /* Products */ = {
			isa = PBXGroup;
			children = (
				881F6A5C1E5B2400001E13F7 /* static_allocation */,
			);
			name = Products;
			sourceTree = "<group>";
		};
		881F6A5E1E5B2400001E13F7 /* static_allocation */ = {
			isa = PBXGroup;
			children = (
				881F6A5F1E5B2400001E13F7 /* main.cpp */,
				A2AD61301E5E899C00B1C2BC /* examples.cpp */,
				A2AD612F1E5E896500B1C2BC /* examples.h */,
				A23FEB111E5FC45400896A29 /* NautyDynamicAlloc.h */,
				A23FEB131E5FD2AC00896A29 /* NautyDynamicGraphAlloc.h */,
			);
			path = static_allocation;
			sourceTree = "<group>";
		};
		881F6A661E5B2F31001E13F7 /* Frameworks */ = {
			isa = PBXGroup;
			children = (
				A263F0691E5DBCCB001FC8A9 /* nauty.a */,
			);
			name = Frameworks;
			sourceTree = "<group>";
		};
/* End PBXGroup section */

/* Begin PBXNativeTarget section */
		881F6A5B1E5B2400001E13F7 /* static_allocation */ = {
			isa = PBXNativeTarget;
			buildConfigurationList = 881F6A631E5B2400001E13F7 /* Build configuration list for PBXNativeTarget "static_allocation" */;
			buildPhases = (
				881F6A581E5B2400001E13F7 /* Sources */,
				881F6A591E5B2400001E13F7 /* Frameworks */,
				881F6A5A1E5B2400001E13F7 /* CopyFiles */,
			);
			buildRules = (
			);
			dependencies = (
			);
			name = static_allocation;
			productName = static_allocation;
			productReference = 881F6A5C1E5B2400001E13F7 /* static_allocation */;
			productType = "com.apple.product-type.tool";
		};
/* End PBXNativeTarget section */

/* Begin PBXProject section */
		881F6A541E5B2400001E13F7 /* Project object */ = {
			isa = PBXProject;
			attributes = {
				LastUpgradeCheck = 0820;
				ORGANIZATIONNAME = "熊田聖也";
				TargetAttributes = {
					881F6A5B1E5B2400001E13F7 = {
						CreatedOnToolsVersion = 8.2.1;
						ProvisioningStyle = Automatic;
					};
				};
			};
			buildConfigurationList = 881F6A571E5B2400001E13F7 /* Build configuration list for PBXProject "static_allocation" */;
			compatibilityVersion = "Xcode 3.2";
			developmentRegion = English;
			hasScannedForEncodings = 0;
			knownRegions = (
				en,
			);
			mainGroup = 881F6A531E5B2400001E13F7;
			productRefGroup = 881F6A5D1E5B2400001E13F7 /* Products */;
			projectDirPath = "";
			projectRoot = "";
			targets = (
				881F6A5B1E5B2400001E13F7 /* static_allocation */,
			);
		};
/* End PBXProject section */

/* Begin PBXSourcesBuildPhase section */
		881F6A581E5B2400001E13F7 /* Sources */ = {
			isa = PBXSourcesBuildPhase;
			buildActionMask = 2147483647;
			files = (
				A2AD61311E5E899C00B1C2BC /* examples.cpp in Sources */,
				881F6A601E5B2400001E13F7 /* main.cpp in Sources */,
			);
			runOnlyForDeploymentPostprocessing = 0;
		};
/* End PBXSourcesBuildPhase section */

/* Begin XCBuildConfiguration section */
		881F6A611E5B2400001E13F7 /* Debug */ = {
			isa = XCBuildConfiguration;
			buildSettings = {
				ALWAYS_SEARCH_USER_PATHS = NO;
				CLANG_ANALYZER_NONNULL = YES;
				CLANG_CXX_LANGUAGE_STANDARD = "gnu++0x";
				CLANG_CXX_LIBRARY = "libc++";
				CLANG_ENABLE_MODULES = YES;
				CLANG_ENABLE_OBJC_ARC = YES;
				CLANG_WARN_BOOL_CONVERSION = YES;
				CLANG_WARN_CONSTANT_CONVERSION = YES;
				CLANG_WARN_DIRECT_OBJC_ISA_USAGE = YES_ERROR;
				CLANG_WARN_DOCUMENTATION_COMMENTS = YES;
				CLANG_WARN_EMPTY_BODY = YES;
				CLANG_WARN_ENUM_CONVERSION = YES;
				CLANG_WARN_INFINITE_RECURSION = YES;
				CLANG_WARN_INT_CONVERSION = YES;
				CLANG_WARN_OBJC_ROOT_CLASS = YES_ERROR;
				CLANG_WARN_SUSPICIOUS_MOVE = YES;
				CLANG_WARN_UNREACHABLE_CODE = YES;
				CLANG_WARN__DUPLICATE_METHOD_MATCH = YES;
				CODE_SIGN_IDENTITY = "-";
				COPY_PHASE_STRIP = NO;
				DEBUG_INFORMATION_FORMAT = dwarf;
				ENABLE_STRICT_OBJC_MSGSEND = YES;
				ENABLE_TESTABILITY = YES;
				GCC_C_LANGUAGE_STANDARD = gnu99;
				GCC_DYNAMIC_NO_PIC = NO;
				GCC_NO_COMMON_BLOCKS = YES;
				GCC_OPTIMIZATION_LEVEL = 0;
				GCC_PREPROCESSOR_DEFINITIONS = (
					"DEBUG=1",
					"$(inherited)",
				);
				GCC_WARN_64_TO_32_BIT_CONVERSION = YES;
				GCC_WARN_ABOUT_RETURN_TYPE = YES_ERROR;
				GCC_WARN_UNDECLARED_SELECTOR = YES;
				GCC_WARN_UNINITIALIZED_AUTOS = YES_AGGRESSIVE;
				GCC_WARN_UNUSED_FUNCTION = YES;
				GCC_WARN_UNUSED_VARIABLE = YES;
				HEADER_SEARCH_PATHS = "";
				LIBRARY_SEARCH_PATHS = "";
				MACOSX_DEPLOYMENT_TARGET = 10.12;
				MTL_ENABLE_DEBUG_INFO = YES;
				ONLY_ACTIVE_ARCH = YES;
				OTHER_LDFLAGS = "";
				SDKROOT = macosx;
			};
			name = Debug;
		};
		881F6A621E5B2400001E13F7 /* Release */ = {
			isa = XCBuildConfiguration;
			buildSettings = {
				ALWAYS_SEARCH_USER_PATHS = NO;
				CLANG_ANALYZER_NONNULL = YES;
				CLANG_CXX_LANGUAGE_STANDARD = "gnu++0x";
				CLANG_CXX_LIBRARY = "libc++";
				CLANG_ENABLE_MODULES = YES;
				CLANG_ENABLE_OBJC_ARC = YES;
				CLANG_WARN_BOOL_CONVERSION = YES;
				CLANG_WARN_CONSTANT_CONVERSION = YES;
				CLANG_WARN_DIRECT_OBJC_ISA_USAGE = YES_ERROR;
				CLANG_WARN_DOCUMENTATION_COMMENTS = YES;
				CLANG_WARN_EMPTY_BODY = YES;
				CLANG_WARN_ENUM_CONVERSION = YES;
				CLANG_WARN_INFINITE_RECURSION = YES;
				CLANG_WARN_INT_CONVERSION = YES;
				CLANG_WARN_OBJC_ROOT_CLASS = YES_ERROR;
				CLANG_WARN_SUSPICIOUS_MOVE = YES;
				CLANG_WARN_UNREACHABLE_CODE = YES;
				CLANG_WARN__DUPLICATE_METHOD_MATCH = YES;
				CODE_SIGN_IDENTITY = "-";
				COPY_PHASE_STRIP = NO;
				DEBUG_INFORMATION_FORMAT = "dwarf-with-dsym";
				ENABLE_NS_ASSERTIONS = NO;
				ENABLE_STRICT_OBJC_MSGSEND = YES;
				GCC_C_LANGUAGE_STANDARD = gnu99;
				GCC_NO_COMMON_BLOCKS = YES;
				GCC_WARN_64_TO_32_BIT_CONVERSION = YES;
				GCC_WARN_ABOUT_RETURN_TYPE = YES_ERROR;
				GCC_WARN_UNDECLARED_SELECTOR = YES;
				GCC_WARN_UNINITIALIZED_AUTOS = YES_AGGRESSIVE;
				GCC_WARN_UNUSED_FUNCTION = YES;
				GCC_WARN_UNUSED_VARIABLE = YES;
				HEADER_SEARCH_PATHS = "";
				LIBRARY_SEARCH_PATHS = "";
				MACOSX_DEPLOYMENT_TARGET = 10.12;
				MTL_ENABLE_DEBUG_INFO = NO;
				OTHER_LDFLAGS = "";
				SDKROOT = macosx;
			};
			name = Release;
		};
		881F6A641E5B2400001E13F7 /* Debug */ = {
			isa = XCBuildConfiguration;
			buildSettings = {
				CLANG_CXX_LANGUAGE_STANDARD = "c++14";
				HEADER_SEARCH_PATHS = (
					/usr/local/nauty26r7/include,
					/opt/local/include,
					/usr/local/include,
				);
				LIBRARY_SEARCH_PATHS = /usr/local/nauty26r7/lib;
				MACOSX_DEPLOYMENT_TARGET = 10.9;
				OTHER_LDFLAGS = "";
				PRODUCT_NAME = "$(TARGET_NAME)";
			};
			name = Debug;
		};
		881F6A651E5B2400001E13F7 /* Release */ = {
			isa = XCBuildConfiguration;
			buildSettings = {
				CLANG_CXX_LANGUAGE_STANDARD = "c++14";
				HEADER_SEARCH_PATHS = (
					/usr/local/nauty26r7/include,
					/opt/local/include,
					/usr/local/include,
				);
				LIBRARY_SEARCH_PATHS = /usr/local/nauty26r7/lib;
				MACOSX_DEPLOYMENT_TARGET = 10.9;
				OTHER_LDFLAGS = "";
				PRODUCT_NAME = "$(TARGET_NAME)";
			};
			name = Release;
		};
/* End XCBuildConfiguration section */

/* Begin XCConfigurationList section */
		881F6A571E5B2400001E13F7 /* Build configuration list for PBXProject "static_allocation" */ = {
			isa = XCConfigurationList;
			buildConfigurations = (
				881F6A611E5B2400001E13F7 /* Debug */,
				881F6A621E5B2400001E13F7 /* Release */,
			);
			defaultConfigurationIsVisible = 0;
			defaultConfigurationName = Release;
		};
		881F6A631E5B2400001E13F7 /* Build configuration list for PBXNativeTarget "static_allocation" */ = {
			isa = XCConfigurationList;
			buildConfigurations = (
				881F6A641E5B2400001E13F7 /* Debug */,
				881F6A651E5B2400001E13F7 /* Release */,
			);
			defaultConfigurationIsVisible = 0;
			defaultConfigurationName = Release;
		};
/* End XCConfigurationList section */
	};
	rootObject = 881F6A541E5B2400001E13F7 /* Project object */;
}
