// !$*UTF8*$!
{
	archiveVersion = 1;
	classes = {
	};
	objectVersion = 46;
	objects = {

/* Begin PBXBuildFile section */
		883842071E66FD7200C0F6AA /* main.cpp in Sources */ = {isa = PBXBuildFile; fileRef = 883842061E66FD7200C0F6AA /* main.cpp */; };
		8838420F1E66FE6900C0F6AA /* greet.cpp in Sources */ = {isa = PBXBuildFile; fileRef = 8838420D1E66FE6900C0F6AA /* greet.cpp */; };
/* End PBXBuildFile section */

/* Begin PBXCopyFilesBuildPhase section */
		883842011E66FD7200C0F6AA /* CopyFiles */ = {
			isa = PBXCopyFilesBuildPhase;
			buildActionMask = 2147483647;
			dstPath = /usr/share/man/man1/;
			dstSubfolderSpec = 0;
			files = (
			);
			runOnlyForDeploymentPostprocessing = 1;
		};
/* End PBXCopyFilesBuildPhase section */

/* Begin PBXFileReference section */
		883842031E66FD7200C0F6AA /* boost_python */ = {isa = PBXFileReference; explicitFileType = "compiled.mach-o.executable"; includeInIndex = 0; path = boost_python; sourceTree = BUILT_PRODUCTS_DIR; };
		883842061E66FD7200C0F6AA /* main.cpp */ = {isa = PBXFileReference; lastKnownFileType = sourcecode.cpp.cpp; path = main.cpp; sourceTree = "<group>"; };
		8838420D1E66FE6900C0F6AA /* greet.cpp */ = {isa = PBXFileReference; fileEncoding = 4; lastKnownFileType = sourcecode.cpp.cpp; path = greet.cpp; sourceTree = "<group>"; };
		8838420E1E66FE6900C0F6AA /* greet.hpp */ = {isa = PBXFileReference; fileEncoding = 4; lastKnownFileType = sourcecode.cpp.h; path = greet.hpp; sourceTree = "<group>"; };
/* End PBXFileReference section */

/* Begin PBXFrameworksBuildPhase section */
		883842001E66FD7200C0F6AA /* Frameworks */ = {
			isa = PBXFrameworksBuildPhase;
			buildActionMask = 2147483647;
			files = (
			);
			runOnlyForDeploymentPostprocessing = 0;
		};
/* End PBXFrameworksBuildPhase section */

/* Begin PBXGroup section */
		883841FA1E66FD7200C0F6AA = {
			isa = PBXGroup;
			children = (
				883842051E66FD7200C0F6AA /* boost_python */,
				883842041E66FD7200C0F6AA /* Products */,
			);
			sourceTree = "<group>";
		};
		883842041E66FD7200C0F6AA /* Products */ = {
			isa = PBXGroup;
			children = (
				883842031E66FD7200C0F6AA /* boost_python */,
			);
			name = Products;
			sourceTree = "<group>";
		};
		883842051E66FD7200C0F6AA /* boost_python */ = {
			isa = PBXGroup;
			children = (
				883842061E66FD7200C0F6AA /* main.cpp */,
				8838420D1E66FE6900C0F6AA /* greet.cpp */,
				8838420E1E66FE6900C0F6AA /* greet.hpp */,
			);
			path = boost_python;
			sourceTree = "<group>";
		};
/* End PBXGroup section */

/* Begin PBXNativeTarget section */
		883842021E66FD7200C0F6AA /* boost_python */ = {
			isa = PBXNativeTarget;
			buildConfigurationList = 8838420A1E66FD7200C0F6AA /* Build configuration list for PBXNativeTarget "boost_python" */;
			buildPhases = (
				883841FF1E66FD7200C0F6AA /* Sources */,
				883842001E66FD7200C0F6AA /* Frameworks */,
				883842011E66FD7200C0F6AA /* CopyFiles */,
			);
			buildRules = (
			);
			dependencies = (
			);
			name = boost_python;
			productName = boost_python;
			productReference = 883842031E66FD7200C0F6AA /* boost_python */;
			productType = "com.apple.product-type.tool";
		};
/* End PBXNativeTarget section */

/* Begin PBXProject section */
		883841FB1E66FD7200C0F6AA /* Project object */ = {
			isa = PBXProject;
			attributes = {
				LastUpgradeCheck = 0820;
				ORGANIZATIONNAME = "熊田聖也";
				TargetAttributes = {
					883842021E66FD7200C0F6AA = {
						CreatedOnToolsVersion = 8.2.1;
						ProvisioningStyle = Automatic;
					};
				};
			};
			buildConfigurationList = 883841FE1E66FD7200C0F6AA /* Build configuration list for PBXProject "boost_python" */;
			compatibilityVersion = "Xcode 3.2";
			developmentRegion = English;
			hasScannedForEncodings = 0;
			knownRegions = (
				en,
			);
			mainGroup = 883841FA1E66FD7200C0F6AA;
			productRefGroup = 883842041E66FD7200C0F6AA /* Products */;
			projectDirPath = "";
			projectRoot = "";
			targets = (
				883842021E66FD7200C0F6AA /* boost_python */,
			);
		};
/* End PBXProject section */

/* Begin PBXSourcesBuildPhase section */
		883841FF1E66FD7200C0F6AA /* Sources */ = {
			isa = PBXSourcesBuildPhase;
			buildActionMask = 2147483647;
			files = (
				883842071E66FD7200C0F6AA /* main.cpp in Sources */,
				8838420F1E66FE6900C0F6AA /* greet.cpp in Sources */,
			);
			runOnlyForDeploymentPostprocessing = 0;
		};
/* End PBXSourcesBuildPhase section */

/* Begin XCBuildConfiguration section */
		883842081E66FD7200C0F6AA /* Debug */ = {
			isa = XCBuildConfiguration;
			buildSettings = {
				ALWAYS_SEARCH_USER_PATHS = NO;
				CLANG_ANALYZER_NONNULL = YES;
				CLANG_CXX_LANGUAGE_STANDARD = "gnu++0x";
				CLANG_CXX_LIBRARY = "libc++";
				CLANG_ENABLE_MODULES = YES;
				CLANG_ENABLE_OBJC_ARC = YES;
				CLANG_WARN_BOOL_CONVERSION = YES;
				CLANG_WARN_CONSTANT_CONVERSION = YES;
				CLANG_WARN_DIRECT_OBJC_ISA_USAGE = YES_ERROR;
				CLANG_WARN_DOCUMENTATION_COMMENTS = YES;
				CLANG_WARN_EMPTY_BODY = YES;
				CLANG_WARN_ENUM_CONVERSION = YES;
				CLANG_WARN_INFINITE_RECURSION = YES;
				CLANG_WARN_INT_CONVERSION = YES;
				CLANG_WARN_OBJC_ROOT_CLASS = YES_ERROR;
				CLANG_WARN_SUSPICIOUS_MOVE = YES;
				CLANG_WARN_UNREACHABLE_CODE = YES;
				CLANG_WARN__DUPLICATE_METHOD_MATCH = YES;
				CODE_SIGN_IDENTITY = "-";
				COPY_PHASE_STRIP = NO;
				DEBUG_INFORMATION_FORMAT = dwarf;
				ENABLE_STRICT_OBJC_MSGSEND = YES;
				ENABLE_TESTABILITY = YES;
				GCC_C_LANGUAGE_STANDARD = gnu99;
				GCC_DYNAMIC_NO_PIC = NO;
				GCC_NO_COMMON_BLOCKS = YES;
				GCC_OPTIMIZATION_LEVEL = 0;
				GCC_PREPROCESSOR_DEFINITIONS = (
					"DEBUG=1",
					"$(inherited)",
				);
				GCC_WARN_64_TO_32_BIT_CONVERSION = YES;
				GCC_WARN_ABOUT_RETURN_TYPE = YES_ERROR;
				GCC_WARN_UNDECLARED_SELECTOR = YES;
				GCC_WARN_UNINITIALIZED_AUTOS = YES_AGGRESSIVE;
				GCC_WARN_UNUSED_FUNCTION = YES;
				GCC_WARN_UNUSED_VARIABLE = YES;
				MACOSX_DEPLOYMENT_TARGET = 10.12;
				MTL_ENABLE_DEBUG_INFO = YES;
				ONLY_ACTIVE_ARCH = YES;
				SDKROOT = macosx;
			};
			name = Debug;
		};
		883842091E66FD7200C0F6AA /* Release */ = {
			isa = XCBuildConfiguration;
			buildSettings = {
				ALWAYS_SEARCH_USER_PATHS = NO;
				CLANG_ANALYZER_NONNULL = YES;
				CLANG_CXX_LANGUAGE_STANDARD = "gnu++0x";
				CLANG_CXX_LIBRARY = "libc++";
				CLANG_ENABLE_MODULES = YES;
				CLANG_ENABLE_OBJC_ARC = YES;
				CLANG_WARN_BOOL_CONVERSION = YES;
				CLANG_WARN_CONSTANT_CONVERSION = YES;
				CLANG_WARN_DIRECT_OBJC_ISA_USAGE = YES_ERROR;
				CLANG_WARN_DOCUMENTATION_COMMENTS = YES;
				CLANG_WARN_EMPTY_BODY = YES;
				CLANG_WARN_ENUM_CONVERSION = YES;
				CLANG_WARN_INFINITE_RECURSION = YES;
				CLANG_WARN_INT_CONVERSION = YES;
				CLANG_WARN_OBJC_ROOT_CLASS = YES_ERROR;
				CLANG_WARN_SUSPICIOUS_MOVE = YES;
				CLANG_WARN_UNREACHABLE_CODE = YES;
				CLANG_WARN__DUPLICATE_METHOD_MATCH = YES;
				CODE_SIGN_IDENTITY = "-";
				COPY_PHASE_STRIP = NO;
				DEBUG_INFORMATION_FORMAT = "dwarf-with-dsym";
				ENABLE_NS_ASSERTIONS = NO;
				ENABLE_STRICT_OBJC_MSGSEND = YES;
				GCC_C_LANGUAGE_STANDARD = gnu99;
				GCC_NO_COMMON_BLOCKS = YES;
				GCC_WARN_64_TO_32_BIT_CONVERSION = YES;
				GCC_WARN_ABOUT_RETURN_TYPE = YES_ERROR;
				GCC_WARN_UNDECLARED_SELECTOR = YES;
				GCC_WARN_UNINITIALIZED_AUTOS = YES_AGGRESSIVE;
				GCC_WARN_UNUSED_FUNCTION = YES;
				GCC_WARN_UNUSED_VARIABLE = YES;
				MACOSX_DEPLOYMENT_TARGET = 10.12;
				MTL_ENABLE_DEBUG_INFO = NO;
				SDKROOT = macosx;
			};
			name = Release;
		};
		8838420B1E66FD7200C0F6AA /* Debug */ = {
			isa = XCBuildConfiguration;
			buildSettings = {
				CLANG_CXX_LANGUAGE_STANDARD = "c++14";
				HEADER_SEARCH_PATHS = (
					/usr/local/include,
					/opt/local/include,
					/opt/local/Library/Frameworks/Python.framework/Versions/2.7/Headers/,
				);
				LIBRARY_SEARCH_PATHS = (
					/opt/local/lib,
					/opt/local/Library/Frameworks/Python.framework/Versions/2.7/lib/,
				);
				OTHER_LDFLAGS = (
					"-lboost_python-mt",
					"-lpython2.7",
				);
				PRODUCT_NAME = "$(TARGET_NAME)";
			};
			name = Debug;
		};
		8838420C1E66FD7200C0F6AA /* Release */ = {
			isa = XCBuildConfiguration;
			buildSettings = {
				CLANG_CXX_LANGUAGE_STANDARD = "c++14";
				HEADER_SEARCH_PATHS = (
					/usr/local/include,
					/opt/local/include,
					/opt/local/Library/Frameworks/Python.framework/Versions/2.7/Headers/,
				);
				LIBRARY_SEARCH_PATHS = (
					/opt/local/lib,
					/opt/local/Library/Frameworks/Python.framework/Versions/2.7/lib/,
				);
				OTHER_LDFLAGS = (
					"-lboost_python-mt",
					"-lpython2.7",
				);
				PRODUCT_NAME = "$(TARGET_NAME)";
			};
			name = Release;
		};
/* End XCBuildConfiguration section */

/* Begin XCConfigurationList section */
		883841FE1E66FD7200C0F6AA /* Build configuration list for PBXProject "boost_python" */ = {
			isa = XCConfigurationList;
			buildConfigurations = (
				883842081E66FD7200C0F6AA /* Debug */,
				883842091E66FD7200C0F6AA /* Release */,
			);
			defaultConfigurationIsVisible = 0;
			defaultConfigurationName = Release;
		};
		8838420A1E66FD7200C0F6AA /* Build configuration list for PBXNativeTarget "boost_python" */ = {
			isa = XCConfigurationList;
			buildConfigurations = (
				8838420B1E66FD7200C0F6AA /* Debug */,
				8838420C1E66FD7200C0F6AA /* Release */,
			);
			defaultConfigurationIsVisible = 0;
		};
/* End XCConfigurationList section */
	};
	rootObject = 883841FB1E66FD7200C0F6AA /* Project object */;
}
