// !$*UTF8*$!
{
	archiveVersion = 1;
	classes = {
	};
	objectVersion = 46;
	objects = {

/* Begin PBXBuildFile section */
		8838423C1E6703C400C0F6AA /* greet.hpp in Headers */ = {isa = PBXBuildFile; fileRef = 8838423B1E6703C400C0F6AA /* greet.hpp */; };
		8838423E1E6703C400C0F6AA /* greet.cpp in Sources */ = {isa = PBXBuildFile; fileRef = 8838423D1E6703C400C0F6AA /* greet.cpp */; };
/* End PBXBuildFile section */

/* Begin PBXFileReference section */
		883842361E6703C400C0F6AA /* libgreet.dylib */ = {isa = PBXFileReference; explicitFileType = "compiled.mach-o.dylib"; includeInIndex = 0; path = libgreet.dylib; sourceTree = BUILT_PRODUCTS_DIR; };
		8838423B1E6703C400C0F6AA /* greet.hpp */ = {isa = PBXFileReference; lastKnownFileType = sourcecode.cpp.h; path = greet.hpp; sourceTree = "<group>"; };
		8838423D1E6703C400C0F6AA /* greet.cpp */ = {isa = PBXFileReference; lastKnownFileType = sourcecode.cpp.cpp; path = greet.cpp; sourceTree = "<group>"; };
/* End PBXFileReference section */

/* Begin PBXFrameworksBuildPhase section */
		883842331E6703C400C0F6AA /* Frameworks */ = {
			isa = PBXFrameworksBuildPhase;
			buildActionMask = 2147483647;
			files = (
			);
			runOnlyForDeploymentPostprocessing = 0;
		};
/* End PBXFrameworksBuildPhase section */

/* Begin PBXGroup section */
		8838422D1E6703C400C0F6AA = {
			isa = PBXGroup;
			children = (
				883842381E6703C400C0F6AA /* boost_python_lib */,
				883842371E6703C400C0F6AA /* Products */,
			);
			sourceTree = "<group>";
		};
		883842371E6703C400C0F6AA /* Products */ = {
			isa = PBXGroup;
			children = (
				883842361E6703C400C0F6AA /* libgreet.dylib */,
			);
			name = Products;
			sourceTree = "<group>";
		};
		883842381E6703C400C0F6AA /* boost_python_lib */ = {
			isa = PBXGroup;
			children = (
				8838423B1E6703C400C0F6AA /* greet.hpp */,
				8838423D1E6703C400C0F6AA /* greet.cpp */,
			);
			path = boost_python_lib;
			sourceTree = "<group>";
		};
/* End PBXGroup section */

/* Begin PBXHeadersBuildPhase section */
		883842341E6703C400C0F6AA /* Headers */ = {
			isa = PBXHeadersBuildPhase;
			buildActionMask = 2147483647;
			files = (
				8838423C1E6703C400C0F6AA /* greet.hpp in Headers */,
			);
			runOnlyForDeploymentPostprocessing = 0;
		};
/* End PBXHeadersBuildPhase section */

/* Begin PBXNativeTarget section */
		883842351E6703C400C0F6AA /* boost_python_lib */ = {
			isa = PBXNativeTarget;
			buildConfigurationList = 883842411E6703C400C0F6AA /* Build configuration list for PBXNativeTarget "boost_python_lib" */;
			buildPhases = (
				883842321E6703C400C0F6AA /* Sources */,
				883842331E6703C400C0F6AA /* Frameworks */,
				883842341E6703C400C0F6AA /* Headers */,
			);
			buildRules = (
			);
			dependencies = (
			);
			name = boost_python_lib;
			productName = boost_python_lib;
			productReference = 883842361E6703C400C0F6AA /* libgreet.dylib */;
			productType = "com.apple.product-type.library.dynamic";
		};
/* End PBXNativeTarget section */

/* Begin PBXProject section */
		8838422E1E6703C400C0F6AA /* Project object */ = {
			isa = PBXProject;
			attributes = {
				LastUpgradeCheck = 0820;
				ORGANIZATIONNAME = "熊田聖也";
				TargetAttributes = {
					883842351E6703C400C0F6AA = {
						CreatedOnToolsVersion = 8.2.1;
						ProvisioningStyle = Automatic;
					};
				};
			};
			buildConfigurationList = 883842311E6703C400C0F6AA /* Build configuration list for PBXProject "boost_python_lib" */;
			compatibilityVersion = "Xcode 3.2";
			developmentRegion = English;
			hasScannedForEncodings = 0;
			knownRegions = (
				en,
			);
			mainGroup = 8838422D1E6703C400C0F6AA;
			productRefGroup = 883842371E6703C400C0F6AA /* Products */;
			projectDirPath = "";
			projectRoot = "";
			targets = (
				883842351E6703C400C0F6AA /* boost_python_lib */,
			);
		};
/* End PBXProject section */

/* Begin PBXSourcesBuildPhase section */
		883842321E6703C400C0F6AA /* Sources */ = {
			isa = PBXSourcesBuildPhase;
			buildActionMask = 2147483647;
			files = (
				8838423E1E6703C400C0F6AA /* greet.cpp in Sources */,
			);
			runOnlyForDeploymentPostprocessing = 0;
		};
/* End PBXSourcesBuildPhase section */

/* Begin XCBuildConfiguration section */
		8838423F1E6703C400C0F6AA /* Debug */ = {
			isa = XCBuildConfiguration;
			buildSettings = {
				ALWAYS_SEARCH_USER_PATHS = NO;
				CLANG_ANALYZER_NONNULL = YES;
				CLANG_CXX_LANGUAGE_STANDARD = "gnu++0x";
				CLANG_CXX_LIBRARY = "libc++";
				CLANG_ENABLE_MODULES = YES;
				CLANG_ENABLE_OBJC_ARC = YES;
				CLANG_WARN_BOOL_CONVERSION = YES;
				CLANG_WARN_CONSTANT_CONVERSION = YES;
				CLANG_WARN_DIRECT_OBJC_ISA_USAGE = YES_ERROR;
				CLANG_WARN_DOCUMENTATION_COMMENTS = YES;
				CLANG_WARN_EMPTY_BODY = YES;
				CLANG_WARN_ENUM_CONVERSION = YES;
				CLANG_WARN_INFINITE_RECURSION = YES;
				CLANG_WARN_INT_CONVERSION = YES;
				CLANG_WARN_OBJC_ROOT_CLASS = YES_ERROR;
				CLANG_WARN_SUSPICIOUS_MOVE = YES;
				CLANG_WARN_UNREACHABLE_CODE = YES;
				CLANG_WARN__DUPLICATE_METHOD_MATCH = YES;
				CODE_SIGN_IDENTITY = "-";
				COPY_PHASE_STRIP = NO;
				DEBUG_INFORMATION_FORMAT = dwarf;
				ENABLE_STRICT_OBJC_MSGSEND = YES;
				ENABLE_TESTABILITY = YES;
				GCC_C_LANGUAGE_STANDARD = gnu99;
				GCC_DYNAMIC_NO_PIC = NO;
				GCC_NO_COMMON_BLOCKS = YES;
				GCC_OPTIMIZATION_LEVEL = 0;
				GCC_PREPROCESSOR_DEFINITIONS = (
					"DEBUG=1",
					"$(inherited)",
				);
				GCC_WARN_64_TO_32_BIT_CONVERSION = YES;
				GCC_WARN_ABOUT_RETURN_TYPE = YES_ERROR;
				GCC_WARN_UNDECLARED_SELECTOR = YES;
				GCC_WARN_UNINITIALIZED_AUTOS = YES_AGGRESSIVE;
				GCC_WARN_UNUSED_FUNCTION = YES;
				GCC_WARN_UNUSED_VARIABLE = YES;
				MACOSX_DEPLOYMENT_TARGET = 10.12;
				MTL_ENABLE_DEBUG_INFO = YES;
				ONLY_ACTIVE_ARCH = YES;
				SDKROOT = macosx;
			};
			name = Debug;
		};
		883842401E6703C400C0F6AA /* Release */ = {
			isa = XCBuildConfiguration;
			buildSettings = {
				ALWAYS_SEARCH_USER_PATHS = NO;
				CLANG_ANALYZER_NONNULL = YES;
				CLANG_CXX_LANGUAGE_STANDARD = "gnu++0x";
				CLANG_CXX_LIBRARY = "libc++";
				CLANG_ENABLE_MODULES = YES;
				CLANG_ENABLE_OBJC_ARC = YES;
				CLANG_WARN_BOOL_CONVERSION = YES;
				CLANG_WARN_CONSTANT_CONVERSION = YES;
				CLANG_WARN_DIRECT_OBJC_ISA_USAGE = YES_ERROR;
				CLANG_WARN_DOCUMENTATION_COMMENTS = YES;
				CLANG_WARN_EMPTY_BODY = YES;
				CLANG_WARN_ENUM_CONVERSION = YES;
				CLANG_WARN_INFINITE_RECURSION = YES;
				CLANG_WARN_INT_CONVERSION = YES;
				CLANG_WARN_OBJC_ROOT_CLASS = YES_ERROR;
				CLANG_WARN_SUSPICIOUS_MOVE = YES;
				CLANG_WARN_UNREACHABLE_CODE = YES;
				CLANG_WARN__DUPLICATE_METHOD_MATCH = YES;
				CODE_SIGN_IDENTITY = "-";
				COPY_PHASE_STRIP = NO;
				DEBUG_INFORMATION_FORMAT = "dwarf-with-dsym";
				ENABLE_NS_ASSERTIONS = NO;
				ENABLE_STRICT_OBJC_MSGSEND = YES;
				GCC_C_LANGUAGE_STANDARD = gnu99;
				GCC_NO_COMMON_BLOCKS = YES;
				GCC_WARN_64_TO_32_BIT_CONVERSION = YES;
				GCC_WARN_ABOUT_RETURN_TYPE = YES_ERROR;
				GCC_WARN_UNDECLARED_SELECTOR = YES;
				GCC_WARN_UNINITIALIZED_AUTOS = YES_AGGRESSIVE;
				GCC_WARN_UNUSED_FUNCTION = YES;
				GCC_WARN_UNUSED_VARIABLE = YES;
				MACOSX_DEPLOYMENT_TARGET = 10.12;
				MTL_ENABLE_DEBUG_INFO = NO;
				SDKROOT = macosx;
			};
			name = Release;
		};
		883842421E6703C400C0F6AA /* Debug */ = {
			isa = XCBuildConfiguration;
			buildSettings = {
				CLANG_CXX_LANGUAGE_STANDARD = "c++14";
				DYLIB_COMPATIBILITY_VERSION = 1;
				DYLIB_CURRENT_VERSION = 1;
				EXECUTABLE_PREFIX = lib;
				GCC_ENABLE_CPP_EXCEPTIONS = YES;
				GCC_ENABLE_CPP_RTTI = YES;
				GCC_SYMBOLS_PRIVATE_EXTERN = YES;
				HEADER_SEARCH_PATHS = (
					/usr/local/include,
					/opt/local/include,
					/opt/local/Library/Frameworks/Python.framework/Versions/2.7/Headers/,
				);
				LIBRARY_SEARCH_PATHS = (
					/opt/local/lib,
					/opt/local/Library/Frameworks/Python.framework/Versions/2.7/lib/,
				);
				OTHER_LDFLAGS = (
					"-lboost_python-mt",
					"-lpython",
				);
				PRODUCT_MODULE_NAME = greet;
				PRODUCT_NAME = greet;
			};
			name = Debug;
		};
		883842431E6703C400C0F6AA /* Release */ = {
			isa = XCBuildConfiguration;
			buildSettings = {
				CLANG_CXX_LANGUAGE_STANDARD = "c++14";
				DYLIB_COMPATIBILITY_VERSION = 1;
				DYLIB_CURRENT_VERSION = 1;
				EXECUTABLE_PREFIX = lib;
				GCC_ENABLE_CPP_EXCEPTIONS = YES;
				GCC_ENABLE_CPP_RTTI = YES;
				GCC_SYMBOLS_PRIVATE_EXTERN = YES;
				HEADER_SEARCH_PATHS = (
					/usr/local/include,
					/opt/local/include,
					/opt/local/Library/Frameworks/Python.framework/Versions/2.7/Headers/,
				);
				LIBRARY_SEARCH_PATHS = (
					/opt/local/lib,
					/opt/local/Library/Frameworks/Python.framework/Versions/2.7/lib/,
				);
				OTHER_LDFLAGS = (
					"-lboost_python-mt",
					"-lpython",
				);
				PRODUCT_MODULE_NAME = greet;
				PRODUCT_NAME = greet;
			};
			name = Release;
		};
/* End XCBuildConfiguration section */

/* Begin XCConfigurationList section */
		883842311E6703C400C0F6AA /* Build configuration list for PBXProject "boost_python_lib" */ = {
			isa = XCConfigurationList;
			buildConfigurations = (
				8838423F1E6703C400C0F6AA /* Debug */,
				883842401E6703C400C0F6AA /* Release */,
			);
			defaultConfigurationIsVisible = 0;
			defaultConfigurationName = Release;
		};
		883842411E6703C400C0F6AA /* Build configuration list for PBXNativeTarget "boost_python_lib" */ = {
			isa = XCConfigurationList;
			buildConfigurations = (
				883842421E6703C400C0F6AA /* Debug */,
				883842431E6703C400C0F6AA /* Release */,
			);
			defaultConfigurationIsVisible = 0;
			defaultConfigurationName = Release;
		};
/* End XCConfigurationList section */
	};
	rootObject = 8838422E1E6703C400C0F6AA /* Project object */;
}
